
Microsoft Visual Studio Solution File, Format Version 12.00
# Visual Studio Version 16
VisualStudioVersion = 16.0.31205.134
MinimumVisualStudioVersion = 10.0.40219.1
Project("{9092AA53-FB77-4645-B42D-1CCCA6BD08BD}") = "ColorVert_js", "ColorVert_js.njsproj", "{C1830684-71E8-4C8B-89E2-F34A730FA91B}"
EndProject
Global
	GlobalSection(SolutionConfigurationPlatforms) = preSolution
		Debug|Any CPU = Debug|Any CPU
		Release|Any CPU = Release|Any CPU
	EndGlobalSection
	GlobalSection(ProjectConfigurationPlatforms) = postSolution
		{C1830684-71E8-4C8B-89E2-F34A730FA91B}.Debug|Any CPU.ActiveCfg = Debug|Any CPU
		{C1830684-71E8-4C8B-89E2-F34A730FA91B}.Debug|Any CPU.Build.0 = Debug|Any CPU
		{C1830684-71E8-4C8B-89E2-F34A730FA91B}.Release|Any CPU.ActiveCfg = Release|Any CPU
		{C1830684-71E8-4C8B-89E2-F34A730FA91B}.Release|Any CPU.Build.0 = Release|Any CPU
	EndGlobalSection
	GlobalSection(SolutionProperties) = preSolution
		HideSolutionNode = FALSE
	EndGlobalSection
	GlobalSection(ExtensibilityGlobals) = postSolution
		SolutionGuid = {94C1A439-612B-48C8-B16C-D5D899515052}
	EndGlobalSection
EndGlobal
